
Microsoft Visual Studio Solution File, Format Version 12.00
# Visual Studio 14
VisualStudioVersion = 14.0.25420.1
MinimumVisualStudioVersion = 10.0.40219.1
Project("{2150E333-8FDC-42A3-9474-1A3956D46DE8}") = "src", "src", "{24BD639A-B9B7-4089-878C-9F52DEF0DE1F}"
EndProject
Project("{2150E333-8FDC-42A3-9474-1A3956D46DE8}") = "Solution Items", "Solution Items", "{E157714B-EA57-4ED2-89F8-84870A423D15}"
	ProjectSection(SolutionItems) = preProject
		global.json = global.json
	EndProjectSection
EndProject
Project("{8BB2217D-0F2D-49D1-97BC-3654ED321F3B}") = "MDU", "src\MDU\MDU.xproj", "{DE9A1DC9-8D06-45A4-A95F-079F6EFF79F1}"
EndProject
Global
	GlobalSection(SolutionConfigurationPlatforms) = preSolution
		Debug|Any CPU = Debug|Any CPU
		Debug|x64 = Debug|x64
		Release|Any CPU = Release|Any CPU
		Release|x64 = Release|x64
	EndGlobalSection
	GlobalSection(ProjectConfigurationPlatforms) = postSolution
		{DE9A1DC9-8D06-45A4-A95F-079F6EFF79F1}.Debug|Any CPU.ActiveCfg = Debug|Any CPU
		{DE9A1DC9-8D06-45A4-A95F-079F6EFF79F1}.Debug|Any CPU.Build.0 = Debug|Any CPU
		{DE9A1DC9-8D06-45A4-A95F-079F6EFF79F1}.Debug|x64.ActiveCfg = Debug|Any CPU
		{DE9A1DC9-8D06-45A4-A95F-079F6EFF79F1}.Debug|x64.Build.0 = Debug|Any CPU
		{DE9A1DC9-8D06-45A4-A95F-079F6EFF79F1}.Release|Any CPU.ActiveCfg = Release|Any CPU
		{DE9A1DC9-8D06-45A4-A95F-079F6EFF79F1}.Release|Any CPU.Build.0 = Release|Any CPU
		{DE9A1DC9-8D06-45A4-A95F-079F6EFF79F1}.Release|x64.ActiveCfg = Release|Any CPU
		{DE9A1DC9-8D06-45A4-A95F-079F6EFF79F1}.Release|x64.Build.0 = Release|Any CPU
	EndGlobalSection
	GlobalSection(SolutionProperties) = preSolution
		HideSolutionNode = FALSE
	EndGlobalSection
	GlobalSection(NestedProjects) = preSolution
		{DE9A1DC9-8D06-45A4-A95F-079F6EFF79F1} = {24BD639A-B9B7-4089-878C-9F52DEF0DE1F}
	EndGlobalSection
EndGlobal
