
Microsoft Visual Studio Solution File, Format Version 12.00
# Visual Studio 15
VisualStudioVersion = 15.0.27703.2026
MinimumVisualStudioVersion = 10.0.40219.1
Project("{FAE04EC0-301F-11D3-BF4B-00C04F79EFBC}") = "MDU", "MDU\MDU.csproj", "{3E7AA04E-2ECB-4CB7-A8C1-10DF0728D6F9}"
EndProject
Global
	GlobalSection(SolutionConfigurationPlatforms) = preSolution
		Debug|Any CPU = Debug|Any CPU
		Release|Any CPU = Release|Any CPU
	EndGlobalSection
	GlobalSection(ProjectConfigurationPlatforms) = postSolution
		{3E7AA04E-2ECB-4CB7-A8C1-10DF0728D6F9}.Debug|Any CPU.ActiveCfg = Debug|Any CPU
		{3E7AA04E-2ECB-4CB7-A8C1-10DF0728D6F9}.Debug|Any CPU.Build.0 = Debug|Any CPU
		{3E7AA04E-2ECB-4CB7-A8C1-10DF0728D6F9}.Release|Any CPU.ActiveCfg = Release|Any CPU
		{3E7AA04E-2ECB-4CB7-A8C1-10DF0728D6F9}.Release|Any CPU.Build.0 = Release|Any CPU
	EndGlobalSection
	GlobalSection(SolutionProperties) = preSolution
		HideSolutionNode = FALSE
	EndGlobalSection
	GlobalSection(ExtensibilityGlobals) = postSolution
		SolutionGuid = {45A6E17F-A672-4B40-8C69-B56BAD75E7AA}
	EndGlobalSection
EndGlobal
